
Microsoft Visual Studio Solution File, Format Version 12.00
# Visual Studio 15
VisualStudioVersion = 15.0.28307.136
MinimumVisualStudioVersion = 10.0.40219.1
Project("{FAE04EC0-301F-11D3-BF4B-00C04F79EFBC}") = "ReadFileExample", "ReadFileExample\ReadFileExample.csproj", "{BF9CA245-5F92-4694-A478-671D89E943FD}"
EndProject
Project("{FAE04EC0-301F-11D3-BF4B-00C04F79EFBC}") = "ReadFileExample.Tests", "ReadFileExample.Tests\ReadFileExample.Tests.csproj", "{45752B25-73F1-4F79-A1D7-E4CE39FADD44}"
EndProject
Global
	GlobalSection(SolutionConfigurationPlatforms) = preSolution
		Debug|Any CPU = Debug|Any CPU
		Release|Any CPU = Release|Any CPU
	EndGlobalSection
	GlobalSection(ProjectConfigurationPlatforms) = postSolution
		{BF9CA245-5F92-4694-A478-671D89E943FD}.Debug|Any CPU.ActiveCfg = Debug|Any CPU
		{BF9CA245-5F92-4694-A478-671D89E943FD}.Debug|Any CPU.Build.0 = Debug|Any CPU
		{BF9CA245-5F92-4694-A478-671D89E943FD}.Release|Any CPU.ActiveCfg = Release|Any CPU
		{BF9CA245-5F92-4694-A478-671D89E943FD}.Release|Any CPU.Build.0 = Release|Any CPU
		{45752B25-73F1-4F79-A1D7-E4CE39FADD44}.Debug|Any CPU.ActiveCfg = Debug|Any CPU
		{45752B25-73F1-4F79-A1D7-E4CE39FADD44}.Debug|Any CPU.Build.0 = Debug|Any CPU
		{45752B25-73F1-4F79-A1D7-E4CE39FADD44}.Release|Any CPU.ActiveCfg = Release|Any CPU
		{45752B25-73F1-4F79-A1D7-E4CE39FADD44}.Release|Any CPU.Build.0 = Release|Any CPU
	EndGlobalSection
	GlobalSection(SolutionProperties) = preSolution
		HideSolutionNode = FALSE
	EndGlobalSection
	GlobalSection(ExtensibilityGlobals) = postSolution
		SolutionGuid = {13A33E9A-E4E0-4637-A1B3-2F6987DC5703}
	EndGlobalSection
EndGlobal
